# THIS IS AN AUTOGENERATED FILE. DO NOT EDIT THIS FILE DIRECTLY.
# yarn lockfile v1


"@commercetools/api-request-builder@^5.6.1":
  version "5.6.1"
  resolved "https://registry.yarnpkg.com/@commercetools/api-request-builder/-/api-request-builder-5.6.1.tgz#667737ac56c08d38ee851f7c2d2bc5bb91b47abc"
  integrity sha512-T7Y2Szfs43HkGFCi20nwBT9XRrZEr6e1kbp2rQYpw7sQLcLU6fIGraWrihXZvkLMar246X6tFHFBO5c5koXSKw==

"@commercetools/sdk-client@^2.1.2":
  version "2.1.2"
  resolved "https://registry.yarnpkg.com/@commercetools/sdk-client/-/sdk-client-2.1.2.tgz#fe1e442f67a385f103470669784c0fa20d7a2314"
  integrity sha512-YPpK39pkjfedjS1/BFg2d7CrvTeN7vIS5vfiqEkKOtAoUxiNkugv59gRSoh2Em8SOccxyM/skpgHyTqfmJzXug==

"@commercetools/sdk-middleware-auth@^6.1.4":
  version "6.1.4"
  resolved "https://registry.yarnpkg.com/@commercetools/sdk-middleware-auth/-/sdk-middleware-auth-6.1.4.tgz#c5f464ae1627336715681e4590b63777e034c890"
  integrity sha512-49R1DWsA+pNHH7/2K6QU5wnJSXabljKA8dvzs5HcbLwutlDp3Io0XHgIJa9qpfYhgW6k0h9dPICcLbESrQBXYw==
  dependencies:
    node-fetch "^2.3.0"

"@commercetools/sdk-middleware-http@^6.0.7":
  version "6.0.7"
  resolved "https://registry.yarnpkg.com/@commercetools/sdk-middleware-http/-/sdk-middleware-http-6.0.7.tgz#7b35316b3eb0af815898f622de8f51a12c58110c"
  integrity sha512-+SCSGyqH178DxuL/Lk86xzFS2aygNjLKSCLdwZpAJayWe9nU7XsO9ICdkjw43C+gOYKzqCW7JZREfTUPqjRILg==

"@commercetools/sdk-middleware-queue@^2.1.4":
  version "2.1.4"
  resolved "https://registry.yarnpkg.com/@commercetools/sdk-middleware-queue/-/sdk-middleware-queue-2.1.4.tgz#d8b162ff83fc553cc5abef8599571389874983d6"
  integrity sha512-8TxeUb+jdSemUt/wd9hEcPl2uK2sTRPd5BEwXzOYAlyQJBXMMju2GMo5ASDWz7xjKLoijEuY86Jo7D9JSP8DPQ==

node-fetch@^2.3.0, node-fetch@^2.6.0:
  version "2.6.0"
  resolved "https://registry.yarnpkg.com/node-fetch/-/node-fetch-2.6.0.tgz#e633456386d4aa55863f676a7ab0daa8fdecb0fd"
  integrity sha512-8dG4H5ujfvFiqDmVu9fQ5bOHUC15JMjMY/Zumv26oOvvVJjM67KF8koCWIabKQ1GJIa9r2mMZscBq/TbdOcmNA==
