{
	"name": "@vue-storefront/nuxt",
	"version": "0.0.1",
	"lockfileVersion": 1,
	"requires": true,
	"dependencies": {
		"consola": {
			"version": "2.10.1",
			"resolved": "https://registry.npmjs.org/consola/-/consola-2.10.1.tgz",
			"integrity": "sha512-4sxpH6SGFYLADfUip4vuY65f/gEogrzJoniVhNUYkJHtng0l8ZjnDCqxxrSVRHOHwKxsy8Vm5ONZh1wOR3/l/w==",
			"dev": true
		}
	}
}
