# THIS IS AN AUTOGENERATED FILE. DO NOT EDIT THIS FILE DIRECTLY.
# yarn lockfile v1


consola@^2.10.1:
  version "2.10.1"
  resolved "https://registry.yarnpkg.com/consola/-/consola-2.10.1.tgz#4693edba714677c878d520e4c7e4f69306b4b927"
  integrity sha512-4sxpH6SGFYLADfUip4vuY65f/gEogrzJoniVhNUYkJHtng0l8ZjnDCqxxrSVRHOHwKxsy8Vm5ONZh1wOR3/l/w==
