{
  "name": "vue-storefront-default-theme",
  "version": "1.0.0",
  "lockfileVersion": 1,
  "requires": true,
  "dependencies": {
    "bodybuilder": {
      "version": "2.2.7",
      "resolved": "https://registry.npmjs.org/bodybuilder/-/bodybuilder-2.2.7.tgz",
      "integrity": "sha1-ElpiWcNMi2LCQxLQIEWpUq3tIUo=",
      "requires": {
        "lodash": "4.17.5"
      }
    },
    "lodash": {
      "version": "4.17.5",
      "resolved": "https://registry.npmjs.org/lodash/-/lodash-4.17.5.tgz",
      "integrity": "sha512-svL3uiZf1RwhH+cWrfZn3A4+U58wbP0tGVTLQPbjplZxZ8ROD9VLuNgsRniTlLe7OlSqR79RUehXgpBW/s0IQw=="
    },
    "vue": {
      "version": "2.5.13",
      "resolved": "https://registry.npmjs.org/vue/-/vue-2.5.13.tgz",
      "integrity": "sha512-3D+lY7HTkKbtswDM4BBHgqyq+qo8IAEE8lz8va1dz3LLmttjgo0FxairO4r1iN2OBqk8o1FyL4hvzzTFEdQSEw=="
    },
    "vue-carousel": {
      "version": "0.6.7",
      "resolved": "https://registry.npmjs.org/vue-carousel/-/vue-carousel-0.6.7.tgz",
      "integrity": "sha512-y4x2ETPoD1bH3AcyH30D0UIoWTnHyH7ZyzbVlOCuL9hdus4YrpbkxPJpWYsui23OdykRoLDPBA08MWRYhWa/Og=="
    },
    "vue-no-ssr": {
      "version": "0.2.2",
      "resolved": "https://registry.npmjs.org/vue-no-ssr/-/vue-no-ssr-0.2.2.tgz",
      "integrity": "sha512-JRiKLrefDdFCMDkDiOIGXd2kLCeLDVcUIihnMydxGtGlIphOvIyz1HolTAlD4yBYXvpVZest2Im0ku2LBFf1GA=="
    },
    "vuelidate": {
      "version": "0.6.1",
      "resolved": "https://registry.npmjs.org/vuelidate/-/vuelidate-0.6.1.tgz",
      "integrity": "sha512-QE24xV9ghPLHebe4nslzdApV4Uh8pT/tfdBmqK9GdUKOPtF+pLhPV6Q51GYaqK4+H1MBW6KedNX2Mrfi7/Oq8A=="
    },
    "vuex": {
      "version": "3.0.1",
      "resolved": "https://registry.npmjs.org/vuex/-/vuex-3.0.1.tgz",
      "integrity": "sha512-wLoqz0B7DSZtgbWL1ShIBBCjv22GV5U+vcBFox658g6V0s4wZV9P4YjCNyoHSyIBpj1f29JBoNQIqD82cR4O3w=="
    }
  }
}
