{
  "name": "vue-storefront-catalog-theme",
  "version": "1.0.0",
  "lockfileVersion": 1,
  "requires": true,
  "dependencies": {
    "vue-carousel": {
      "version": "0.6.7",
      "resolved": "https://registry.npmjs.org/vue-carousel/-/vue-carousel-0.6.7.tgz",
      "integrity": "sha512-y4x2ETPoD1bH3AcyH30D0UIoWTnHyH7ZyzbVlOCuL9hdus4YrpbkxPJpWYsui23OdykRoLDPBA08MWRYhWa/Og=="
    },
    "vue-no-ssr": {
      "version": "0.2.2",
      "resolved": "https://registry.npmjs.org/vue-no-ssr/-/vue-no-ssr-0.2.2.tgz",
      "integrity": "sha512-JRiKLrefDdFCMDkDiOIGXd2kLCeLDVcUIihnMydxGtGlIphOvIyz1HolTAlD4yBYXvpVZest2Im0ku2LBFf1GA=="
    }
  }
}
