# THIS IS AN AUTOGENERATED FILE. DO NOT EDIT THIS FILE DIRECTLY.
# yarn lockfile v1


"@next/env@14.0.4":
  version "14.0.4"
  resolved "https://registry.yarnpkg.com/@next/env/-/env-14.0.4.tgz#d5cda0c4a862d70ae760e58c0cd96a8899a2e49a"
  integrity sha512-irQnbMLbUNQpP1wcE5NstJtbuA/69kRfzBrpAD7Gsn8zm/CY6YQYc3HQBz8QPxwISG26tIm5afvvVbu508oBeQ==

"@next/env@14.2.4":
  version "14.2.4"
  resolved "https://registry.yarnpkg.com/@next/env/-/env-14.2.4.tgz#5546813dc4f809884a37d257b254a5ce1b0248d7"
  integrity sha512-3EtkY5VDkuV2+lNmKlbkibIJxcO4oIHEhBWne6PaAp+76J9KoSsGvNikp6ivzAT8dhhBMYrm6op2pS1ApG0Hzg==

"@next/swc-darwin-arm64@14.0.4":
  version "14.0.4"
  resolved "https://registry.yarnpkg.com/@next/swc-darwin-arm64/-/swc-darwin-arm64-14.0.4.tgz#27b1854c2cd04eb1d5e75081a1a792ad91526618"
  integrity sha512-mF05E/5uPthWzyYDyptcwHptucf/jj09i2SXBPwNzbgBNc+XnwzrL0U6BmPjQeOL+FiB+iG1gwBeq7mlDjSRPg==

"@next/swc-darwin-arm64@14.2.4":
  version "14.2.4"
  resolved "https://registry.yarnpkg.com/@next/swc-darwin-arm64/-/swc-darwin-arm64-14.2.4.tgz#da9f04c34a3d5f0b8401ed745768420e4a604036"
  integrity sha512-AH3mO4JlFUqsYcwFUHb1wAKlebHU/Hv2u2kb1pAuRanDZ7pD/A/KPD98RHZmwsJpdHQwfEc/06mgpSzwrJYnNg==

"@next/swc-darwin-x64@14.0.4":
  version "14.0.4"
  resolved "https://registry.yarnpkg.com/@next/swc-darwin-x64/-/swc-darwin-x64-14.0.4.tgz#9940c449e757d0ee50bb9e792d2600cc08a3eb3b"
  integrity sha512-IZQ3C7Bx0k2rYtrZZxKKiusMTM9WWcK5ajyhOZkYYTCc8xytmwSzR1skU7qLgVT/EY9xtXDG0WhY6fyujnI3rw==

"@next/swc-darwin-x64@14.2.4":
  version "14.2.4"
  resolved "https://registry.yarnpkg.com/@next/swc-darwin-x64/-/swc-darwin-x64-14.2.4.tgz#46dedb29ec5503bf171a72a3ecb8aac6e738e9d6"
  integrity sha512-QVadW73sWIO6E2VroyUjuAxhWLZWEpiFqHdZdoQ/AMpN9YWGuHV8t2rChr0ahy+irKX5mlDU7OY68k3n4tAZTg==

"@next/swc-linux-arm64-gnu@14.0.4":
  version "14.0.4"
  resolved "https://registry.yarnpkg.com/@next/swc-linux-arm64-gnu/-/swc-linux-arm64-gnu-14.0.4.tgz#0eafd27c8587f68ace7b4fa80695711a8434de21"
  integrity sha512-VwwZKrBQo/MGb1VOrxJ6LrKvbpo7UbROuyMRvQKTFKhNaXjUmKTu7wxVkIuCARAfiI8JpaWAnKR+D6tzpCcM4w==

"@next/swc-linux-arm64-gnu@14.2.4":
  version "14.2.4"
  resolved "https://registry.yarnpkg.com/@next/swc-linux-arm64-gnu/-/swc-linux-arm64-gnu-14.2.4.tgz#c9697ab9eb422bd1d7ffd0eb0779cc2aefa9d4a1"
  integrity sha512-KT6GUrb3oyCfcfJ+WliXuJnD6pCpZiosx2X3k66HLR+DMoilRb76LpWPGb4tZprawTtcnyrv75ElD6VncVamUQ==

"@next/swc-linux-arm64-musl@14.0.4":
  version "14.0.4"
  resolved "https://registry.yarnpkg.com/@next/swc-linux-arm64-musl/-/swc-linux-arm64-musl-14.0.4.tgz#2b0072adb213f36dada5394ea67d6e82069ae7dd"
  integrity sha512-8QftwPEW37XxXoAwsn+nXlodKWHfpMaSvt81W43Wh8dv0gkheD+30ezWMcFGHLI71KiWmHK5PSQbTQGUiidvLQ==

"@next/swc-linux-arm64-musl@14.2.4":
  version "14.2.4"
  resolved "https://registry.yarnpkg.com/@next/swc-linux-arm64-musl/-/swc-linux-arm64-musl-14.2.4.tgz#cbbceb2008571c743b5a310a488d2e166d200a75"
  integrity sha512-Alv8/XGSs/ytwQcbCHwze1HmiIkIVhDHYLjczSVrf0Wi2MvKn/blt7+S6FJitj3yTlMwMxII1gIJ9WepI4aZ/A==

"@next/swc-linux-x64-gnu@14.0.4":
  version "14.0.4"
  resolved "https://registry.yarnpkg.com/@next/swc-linux-x64-gnu/-/swc-linux-x64-gnu-14.0.4.tgz#68c67d20ebc8e3f6ced6ff23a4ba2a679dbcec32"
  integrity sha512-/s/Pme3VKfZAfISlYVq2hzFS8AcAIOTnoKupc/j4WlvF6GQ0VouS2Q2KEgPuO1eMBwakWPB1aYFIA4VNVh667A==

"@next/swc-linux-x64-gnu@14.2.4":
  version "14.2.4"
  resolved "https://registry.yarnpkg.com/@next/swc-linux-x64-gnu/-/swc-linux-x64-gnu-14.2.4.tgz#d79184223f857bacffb92f643cb2943a43632568"
  integrity sha512-ze0ShQDBPCqxLImzw4sCdfnB3lRmN3qGMB2GWDRlq5Wqy4G36pxtNOo2usu/Nm9+V2Rh/QQnrRc2l94kYFXO6Q==

"@next/swc-linux-x64-musl@14.0.4":
  version "14.0.4"
  resolved "https://registry.yarnpkg.com/@next/swc-linux-x64-musl/-/swc-linux-x64-musl-14.0.4.tgz#67cd81b42fb2caf313f7992fcf6d978af55a1247"
  integrity sha512-m8z/6Fyal4L9Bnlxde5g2Mfa1Z7dasMQyhEhskDATpqr+Y0mjOBZcXQ7G5U+vgL22cI4T7MfvgtrM2jdopqWaw==

"@next/swc-linux-x64-musl@14.2.4":
  version "14.2.4"
  resolved "https://registry.yarnpkg.com/@next/swc-linux-x64-musl/-/swc-linux-x64-musl-14.2.4.tgz#6b6c3e5ac02ca5e63394d280ec8ee607491902df"
  integrity sha512-8dwC0UJoc6fC7PX70csdaznVMNr16hQrTDAMPvLPloazlcaWfdPogq+UpZX6Drqb1OBlwowz8iG7WR0Tzk/diQ==

"@next/swc-win32-arm64-msvc@14.0.4":
  version "14.0.4"
  resolved "https://registry.yarnpkg.com/@next/swc-win32-arm64-msvc/-/swc-win32-arm64-msvc-14.0.4.tgz#be06585906b195d755ceda28f33c633e1443f1a3"
  integrity sha512-7Wv4PRiWIAWbm5XrGz3D8HUkCVDMMz9igffZG4NB1p4u1KoItwx9qjATHz88kwCEal/HXmbShucaslXCQXUM5w==

"@next/swc-win32-arm64-msvc@14.2.4":
  version "14.2.4"
  resolved "https://registry.yarnpkg.com/@next/swc-win32-arm64-msvc/-/swc-win32-arm64-msvc-14.2.4.tgz#dbad3906e870dba84c5883d9d4c4838472e0697f"
  integrity sha512-jxyg67NbEWkDyvM+O8UDbPAyYRZqGLQDTPwvrBBeOSyVWW/jFQkQKQ70JDqDSYg1ZDdl+E3nkbFbq8xM8E9x8A==

"@next/swc-win32-ia32-msvc@14.0.4":
  version "14.0.4"
  resolved "https://registry.yarnpkg.com/@next/swc-win32-ia32-msvc/-/swc-win32-ia32-msvc-14.0.4.tgz#e76cabefa9f2d891599c3d85928475bd8d3f6600"
  integrity sha512-zLeNEAPULsl0phfGb4kdzF/cAVIfaC7hY+kt0/d+y9mzcZHsMS3hAS829WbJ31DkSlVKQeHEjZHIdhN+Pg7Gyg==

"@next/swc-win32-ia32-msvc@14.2.4":
  version "14.2.4"
  resolved "https://registry.yarnpkg.com/@next/swc-win32-ia32-msvc/-/swc-win32-ia32-msvc-14.2.4.tgz#6074529b91ba49132922ce89a2e16d25d2ec235d"
  integrity sha512-twrmN753hjXRdcrZmZttb/m5xaCBFa48Dt3FbeEItpJArxriYDunWxJn+QFXdJ3hPkm4u7CKxncVvnmgQMY1ag==

"@next/swc-win32-x64-msvc@14.0.4":
  version "14.0.4"
  resolved "https://registry.yarnpkg.com/@next/swc-win32-x64-msvc/-/swc-win32-x64-msvc-14.0.4.tgz#e74892f1a9ccf41d3bf5979ad6d3d77c07b9cba1"
  integrity sha512-yEh2+R8qDlDCjxVpzOTEpBLQTEFAcP2A8fUFLaWNap9GitYKkKv1//y2S6XY6zsR4rCOPRpU7plYDR+az2n30A==

"@next/swc-win32-x64-msvc@14.2.4":
  version "14.2.4"
  resolved "https://registry.yarnpkg.com/@next/swc-win32-x64-msvc/-/swc-win32-x64-msvc-14.2.4.tgz#e65a1c6539a671f97bb86d5183d6e3a1733c29c7"
  integrity sha512-tkLrjBzqFTP8DVrAAQmZelEahfR9OxWpFR++vAI9FBhCiIxtwHwBHC23SBHCTURBtwB4kc/x44imVOnkKGNVGg==

"@swc/counter@^0.1.3":
  version "0.1.3"
  resolved "https://registry.yarnpkg.com/@swc/counter/-/counter-0.1.3.tgz#cc7463bd02949611c6329596fccd2b0ec782b0e9"
  integrity sha512-e2BR4lsJkkRlKZ/qCHPw9ZaSxc0MVUd7gtbtaB7aMvHeJVYe8sOB8DBZkP2DtISHGSku9sCK6T6cnY0CtXrOCQ==

"@swc/helpers@0.5.2":
  version "0.5.2"
  resolved "https://registry.yarnpkg.com/@swc/helpers/-/helpers-0.5.2.tgz#85ea0c76450b61ad7d10a37050289eded783c27d"
  integrity sha512-E4KcWTpoLHqwPHLxidpOqQbcrZVgi0rsmmZXUle1jXmJfuIf/UWpczUJ7MZZ5tlxytgJXyp0w4PGkkeLiuIdZw==
  dependencies:
    tslib "^2.4.0"

"@swc/helpers@0.5.5":
  version "0.5.5"
  resolved "https://registry.yarnpkg.com/@swc/helpers/-/helpers-0.5.5.tgz#12689df71bfc9b21c4f4ca00ae55f2f16c8b77c0"
  integrity sha512-KGYxvIOXcceOAbEk4bi/dVLEK9z8sZ0uBB3Il5b1rhfClSpcX0yfRO0KmTkqR2cnQDymwLB+25ZyMzICg/cm/A==
  dependencies:
    "@swc/counter" "^0.1.3"
    tslib "^2.4.0"

"@types/node@^18":
  version "18.19.38"
  resolved "https://registry.yarnpkg.com/@types/node/-/node-18.19.38.tgz#cf4f04c1dab1fcaaa514ec789cf5125184c8c5d8"
  integrity sha512-SApYXUF7si4JJ+lO2o6X60OPOnA6wPpbiB09GMCkQ+JAwpa9hxUVG8p7GzA08TKQn5OhzK57rj1wFj+185YsGg==
  dependencies:
    undici-types "~5.26.4"

"@types/prop-types@*":
  version "15.7.12"
  resolved "https://registry.yarnpkg.com/@types/prop-types/-/prop-types-15.7.12.tgz#12bb1e2be27293c1406acb6af1c3f3a1481d98c6"
  integrity sha512-5zvhXYtRNRluoE/jAp4GVsSduVUzNWKkOZrCDBWYtE7biZywwdC2AcEzg+cSMLFRfVgeAFqpfNabiPjxFddV1Q==

"@types/react-dom@^18":
  version "18.3.0"
  resolved "https://registry.yarnpkg.com/@types/react-dom/-/react-dom-18.3.0.tgz#0cbc818755d87066ab6ca74fbedb2547d74a82b0"
  integrity sha512-EhwApuTmMBmXuFOikhQLIBUn6uFg81SwLMOAUgodJF14SOBOCMdU04gDoYi0WOJJHD144TL32z4yDqCW3dnkQg==
  dependencies:
    "@types/react" "*"

"@types/react@*", "@types/react@^18":
  version "18.3.3"
  resolved "https://registry.yarnpkg.com/@types/react/-/react-18.3.3.tgz#9679020895318b0915d7a3ab004d92d33375c45f"
  integrity sha512-hti/R0pS0q1/xx+TsI73XIqk26eBsISZ2R0wUijXIngRK9R/e7Xw/cXVxQK7R5JjW+SV4zGcn5hXjudkN/pLIw==
  dependencies:
    "@types/prop-types" "*"
    csstype "^3.0.2"

"@vue-storefront/next@file:../../..":
  version "3.0.0"
  dependencies:
    "@vue-storefront/sdk" "^3.1.0"

"@vue-storefront/sdk@^3.1.0":
  version "3.1.0"
  resolved "https://registry.yarnpkg.com/@vue-storefront/sdk/-/sdk-3.1.0.tgz#e4f450c9f98ab90eb22c378809c8fe4083c76bdb"
  integrity sha512-8txDG3CuDzE+3nxQpgcnvanusAdMiWZWxcNCPxXu7F4ux7WM6oZpzJ4UahSAtbExRUPfqdd92eC6yV+Ys41qtg==

busboy@1.6.0:
  version "1.6.0"
  resolved "https://registry.yarnpkg.com/busboy/-/busboy-1.6.0.tgz#966ea36a9502e43cdb9146962523b92f531f6893"
  integrity sha512-8SFQbg/0hQ9xy3UNTB0YEnsNBbWfhf7RtnzpL7TkBiTBRfrQ9Fxcnz7VJsleJpyp6rVLvXiuORqjlHi5q+PYuA==
  dependencies:
    streamsearch "^1.1.0"

caniuse-lite@^1.0.30001406, caniuse-lite@^1.0.30001579:
  version "1.0.30001636"
  resolved "https://registry.yarnpkg.com/caniuse-lite/-/caniuse-lite-1.0.30001636.tgz#b15f52d2bdb95fad32c2f53c0b68032b85188a78"
  integrity sha512-bMg2vmr8XBsbL6Lr0UHXy/21m84FTxDLWn2FSqMd5PrlbMxwJlQnC2YWYxVgp66PZE+BBNF2jYQUBKCo1FDeZg==

client-only@0.0.1:
  version "0.0.1"
  resolved "https://registry.yarnpkg.com/client-only/-/client-only-0.0.1.tgz#38bba5d403c41ab150bff64a95c85013cf73bca1"
  integrity sha512-IV3Ou0jSMzZrd3pZ48nLkT9DA7Ag1pnPzaiQhpW7c3RbcqqzvzzVu+L8gfqMp/8IM2MQtSiqaCxrrcfu8I8rMA==

csstype@^3.0.2:
  version "3.1.3"
  resolved "https://registry.yarnpkg.com/csstype/-/csstype-3.1.3.tgz#d80ff294d114fb0e6ac500fbf85b60137d7eff81"
  integrity sha512-M1uQkMl8rQK/szD0LNhtqxIPLpimGm8sOBwU7lLnCpSbTyY3yeU1Vc7l4KT5zT4s/yOxHH5O7tIuuLOCnLADRw==

glob-to-regexp@^0.4.1:
  version "0.4.1"
  resolved "https://registry.yarnpkg.com/glob-to-regexp/-/glob-to-regexp-0.4.1.tgz#c75297087c851b9a578bd217dd59a92f59fe546e"
  integrity sha512-lkX1HJXwyMcprw/5YUZc2s7DrpAiHB21/V+E1rHUrVNokkvB6bqMzT0VfV6/86ZNabt1k14YOIaT7nDvOX3Iiw==

graceful-fs@^4.1.2, graceful-fs@^4.2.11:
  version "4.2.11"
  resolved "https://registry.yarnpkg.com/graceful-fs/-/graceful-fs-4.2.11.tgz#4183e4e8bf08bb6e05bbb2f7d2e0c8f712ca40e3"
  integrity sha512-RbJ5/jmFcNNCcDV5o9eTnBLJ/HszWV0P73bc+Ff4nS/rJj+YaS6IGyiOL0VoBYX+l1Wrl3k63h/KrH+nhJ0XvQ==

"js-tokens@^3.0.0 || ^4.0.0":
  version "4.0.0"
  resolved "https://registry.yarnpkg.com/js-tokens/-/js-tokens-4.0.0.tgz#19203fb59991df98e3a287050d4647cdeaf32499"
  integrity sha512-RdJUflcE3cUzKiMqQgsCu06FPu9UdIJO0beYbPhHN4k6apgJtifcoCtT9bcxOpYBtpD2kCM6Sbzg4CausW/PKQ==

loose-envify@^1.1.0:
  version "1.4.0"
  resolved "https://registry.yarnpkg.com/loose-envify/-/loose-envify-1.4.0.tgz#71ee51fa7be4caec1a63839f7e682d8132d30caf"
  integrity sha512-lyuxPGr/Wfhrlem2CL/UcnUc1zcqKAImBDzukY7Y5F/yQiNdko6+fRLevlw1HgMySw7f611UIY408EtxRSoK3Q==
  dependencies:
    js-tokens "^3.0.0 || ^4.0.0"

nanoid@^3.3.6:
  version "3.3.7"
  resolved "https://registry.yarnpkg.com/nanoid/-/nanoid-3.3.7.tgz#d0c301a691bc8d54efa0a2226ccf3fe2fd656bd8"
  integrity sha512-eSRppjcPIatRIMC1U6UngP8XFcz8MQWGQdt1MTBQ7NaAmvXDfvNxbvWV3x2y6CdEUciCSsDHDQZbhYaB8QEo2g==

next-runtime-env@3.2.2:
  version "3.2.2"
  resolved "https://registry.yarnpkg.com/next-runtime-env/-/next-runtime-env-3.2.2.tgz#87e9a8a7f3dccc6e142a7895b91ea09f7c8097e0"
  integrity sha512-S5S6NxIf3XeaVc9fLBN2L5Jzu+6dLYCXeOaPQa1RzKRYlG2BBayxXOj6A4VsciocyNkJMazW1VAibtbb1/ZjAw==
  dependencies:
    next "^14"
    react "^18"

next@14.0.4:
  version "14.0.4"
  resolved "https://registry.yarnpkg.com/next/-/next-14.0.4.tgz#bf00b6f835b20d10a5057838fa2dfced1d0d84dc"
  integrity sha512-qbwypnM7327SadwFtxXnQdGiKpkuhaRLE2uq62/nRul9cj9KhQ5LhHmlziTNqUidZotw/Q1I9OjirBROdUJNgA==
  dependencies:
    "@next/env" "14.0.4"
    "@swc/helpers" "0.5.2"
    busboy "1.6.0"
    caniuse-lite "^1.0.30001406"
    graceful-fs "^4.2.11"
    postcss "8.4.31"
    styled-jsx "5.1.1"
    watchpack "2.4.0"
  optionalDependencies:
    "@next/swc-darwin-arm64" "14.0.4"
    "@next/swc-darwin-x64" "14.0.4"
    "@next/swc-linux-arm64-gnu" "14.0.4"
    "@next/swc-linux-arm64-musl" "14.0.4"
    "@next/swc-linux-x64-gnu" "14.0.4"
    "@next/swc-linux-x64-musl" "14.0.4"
    "@next/swc-win32-arm64-msvc" "14.0.4"
    "@next/swc-win32-ia32-msvc" "14.0.4"
    "@next/swc-win32-x64-msvc" "14.0.4"

next@^14:
  version "14.2.4"
  resolved "https://registry.yarnpkg.com/next/-/next-14.2.4.tgz#ef66c39c71e2d8ad0a3caa0383c8933f4663e4d1"
  integrity sha512-R8/V7vugY+822rsQGQCjoLhMuC9oFj9SOi4Cl4b2wjDrseD0LRZ10W7R6Czo4w9ZznVSshKjuIomsRjvm9EKJQ==
  dependencies:
    "@next/env" "14.2.4"
    "@swc/helpers" "0.5.5"
    busboy "1.6.0"
    caniuse-lite "^1.0.30001579"
    graceful-fs "^4.2.11"
    postcss "8.4.31"
    styled-jsx "5.1.1"
  optionalDependencies:
    "@next/swc-darwin-arm64" "14.2.4"
    "@next/swc-darwin-x64" "14.2.4"
    "@next/swc-linux-arm64-gnu" "14.2.4"
    "@next/swc-linux-arm64-musl" "14.2.4"
    "@next/swc-linux-x64-gnu" "14.2.4"
    "@next/swc-linux-x64-musl" "14.2.4"
    "@next/swc-win32-arm64-msvc" "14.2.4"
    "@next/swc-win32-ia32-msvc" "14.2.4"
    "@next/swc-win32-x64-msvc" "14.2.4"

picocolors@^1.0.0:
  version "1.0.1"
  resolved "https://registry.yarnpkg.com/picocolors/-/picocolors-1.0.1.tgz#a8ad579b571952f0e5d25892de5445bcfe25aaa1"
  integrity sha512-anP1Z8qwhkbmu7MFP5iTt+wQKXgwzf7zTyGlcdzabySa9vd0Xt392U0rVmz9poOaBj0uHJKyyo9/upk0HrEQew==

postcss@8.4.31:
  version "8.4.31"
  resolved "https://registry.yarnpkg.com/postcss/-/postcss-8.4.31.tgz#92b451050a9f914da6755af352bdc0192508656d"
  integrity sha512-PS08Iboia9mts/2ygV3eLpY5ghnUcfLV/EXTOW1E2qYxJKGGBUtNjN76FYHnMs36RmARn41bC0AZmn+rR0OVpQ==
  dependencies:
    nanoid "^3.3.6"
    picocolors "^1.0.0"
    source-map-js "^1.0.2"

react-dom@^18:
  version "18.3.1"
  resolved "https://registry.yarnpkg.com/react-dom/-/react-dom-18.3.1.tgz#c2265d79511b57d479b3dd3fdfa51536494c5cb4"
  integrity sha512-5m4nQKp+rZRb09LNH59GM4BxTh9251/ylbKIbpe7TpGxfJ+9kv6BLkLBXIjjspbgbnIBNqlI23tRnTWT0snUIw==
  dependencies:
    loose-envify "^1.1.0"
    scheduler "^0.23.2"

react@^18:
  version "18.3.1"
  resolved "https://registry.yarnpkg.com/react/-/react-18.3.1.tgz#49ab892009c53933625bd16b2533fc754cab2891"
  integrity sha512-wS+hAgJShR0KhEvPJArfuPVN1+Hz1t0Y6n5jLrGQbkb4urgPE/0Rve+1kMB1v/oWgHgm4WIcV+i7F2pTVj+2iQ==
  dependencies:
    loose-envify "^1.1.0"

scheduler@^0.23.2:
  version "0.23.2"
  resolved "https://registry.yarnpkg.com/scheduler/-/scheduler-0.23.2.tgz#414ba64a3b282892e944cf2108ecc078d115cdc3"
  integrity sha512-UOShsPwz7NrMUqhR6t0hWjFduvOzbtv7toDH1/hIrfRNIDBnnBWd0CwJTGvTpngVlmwGCdP9/Zl/tVrDqcuYzQ==
  dependencies:
    loose-envify "^1.1.0"

source-map-js@^1.0.2:
  version "1.2.0"
  resolved "https://registry.yarnpkg.com/source-map-js/-/source-map-js-1.2.0.tgz#16b809c162517b5b8c3e7dcd315a2a5c2612b2af"
  integrity sha512-itJW8lvSA0TXEphiRoawsCksnlf8SyvmFzIhltqAHluXd88pkCd+cXJVHTDwdCr0IzwptSm035IHQktUu1QUMg==

streamsearch@^1.1.0:
  version "1.1.0"
  resolved "https://registry.yarnpkg.com/streamsearch/-/streamsearch-1.1.0.tgz#404dd1e2247ca94af554e841a8ef0eaa238da764"
  integrity sha512-Mcc5wHehp9aXz1ax6bZUyY5afg9u2rv5cqQI3mRrYkGC8rW2hM02jWuwjtL++LS5qinSyhj2QfLyNsuc+VsExg==

styled-jsx@5.1.1:
  version "5.1.1"
  resolved "https://registry.yarnpkg.com/styled-jsx/-/styled-jsx-5.1.1.tgz#839a1c3aaacc4e735fed0781b8619ea5d0009d1f"
  integrity sha512-pW7uC1l4mBZ8ugbiZrcIsiIvVx1UmTfw7UkC3Um2tmfUq9Bhk8IiyEIPl6F8agHgjzku6j0xQEZbfA5uSgSaCw==
  dependencies:
    client-only "0.0.1"

tslib@^2.4.0:
  version "2.6.3"
  resolved "https://registry.yarnpkg.com/tslib/-/tslib-2.6.3.tgz#0438f810ad7a9edcde7a241c3d80db693c8cbfe0"
  integrity sha512-xNvxJEOUiWPGhUuUdQgAJPKOOJfGnIyKySOc09XkKsgdUV/3E2zvwZYdejjmRgPCgcym1juLH3226yA7sEFJKQ==

typescript@^5:
  version "5.5.2"
  resolved "https://registry.yarnpkg.com/typescript/-/typescript-5.5.2.tgz#c26f023cb0054e657ce04f72583ea2d85f8d0507"
  integrity sha512-NcRtPEOsPFFWjobJEtfihkLCZCXZt/os3zf8nTxjVH3RvTSxjrCamJpbExGvYOF+tFHc3pA65qpdwPbzjohhew==

undici-types@~5.26.4:
  version "5.26.5"
  resolved "https://registry.yarnpkg.com/undici-types/-/undici-types-5.26.5.tgz#bcd539893d00b56e964fd2657a4866b221a65617"
  integrity sha512-JlCMO+ehdEIKqlFxk6IfVoAUVmgz7cU7zD/h9XZ0qzeosSHmUJVOzSQvvYSYWXkFXC+IfLKSIffhv0sVZup6pA==

watchpack@2.4.0:
  version "2.4.0"
  resolved "https://registry.yarnpkg.com/watchpack/-/watchpack-2.4.0.tgz#fa33032374962c78113f93c7f2fb4c54c9862a5d"
  integrity sha512-Lcvm7MGST/4fup+ifyKi2hjyIAwcdI4HRgtvTpIUxBRhB+RFtUh8XtDOxUfctVCnhVi+QQj49i91OyvzkJl6cg==
  dependencies:
    glob-to-regexp "^0.4.1"
    graceful-fs "^4.1.2"
